
Microsoft Visual Studio Solution File, Format Version 12.00
# Visual Studio Version 16
VisualStudioVersion = 16.0.30611.23
MinimumVisualStudioVersion = 10.0.40219.1
Project("{FAE04EC0-301F-11D3-BF4B-00C04F79EFBC}") = "SupermarketExcercise", "SupermarketExcercise\SupermarketExcercise.csproj", "{6187407A-DBA3-4F4C-87A1-A0EAF8748EC2}"
EndProject
Global
	GlobalSection(SolutionConfigurationPlatforms) = preSolution
		Debug|Any CPU = Debug|Any CPU
		Release|Any CPU = Release|Any CPU
	EndGlobalSection
	GlobalSection(ProjectConfigurationPlatforms) = postSolution
		{6187407A-DBA3-4F4C-87A1-A0EAF8748EC2}.Debug|Any CPU.ActiveCfg = Debug|Any CPU
		{6187407A-DBA3-4F4C-87A1-A0EAF8748EC2}.Debug|Any CPU.Build.0 = Debug|Any CPU
		{6187407A-DBA3-4F4C-87A1-A0EAF8748EC2}.Release|Any CPU.ActiveCfg = Release|Any CPU
		{6187407A-DBA3-4F4C-87A1-A0EAF8748EC2}.Release|Any CPU.Build.0 = Release|Any CPU
	EndGlobalSection
	GlobalSection(SolutionProperties) = preSolution
		HideSolutionNode = FALSE
	EndGlobalSection
	GlobalSection(ExtensibilityGlobals) = postSolution
		SolutionGuid = {EA16D243-B5A9-42E6-B33A-89625420765F}
	EndGlobalSection
EndGlobal
